{
  "requires": true,
  "lockfileVersion": 1,
  "dependencies": {
    "@haiku-ui/haiku": {
      "version": "0.0.1",
      "resolved": "https://registry.npmjs.org/@haiku-ui/haiku/-/haiku-0.0.1.tgz",
      "integrity": "sha512-u7QJ7xAihuhL6duMoApCUgqTjiokhiPfOsM6ggfQ7L8mxXWTcWPBzqUSxu0Hxb4sBtmXDYRxFXqFR/zDx240Lg=="
    }
  }
}
